
Microsoft Visual Studio Solution File, Format Version 12.00
# Visual Studio 2013
VisualStudioVersion = 12.0.21005.1
MinimumVisualStudioVersion = 10.0.40219.1
Project("{FAE04EC0-301F-11D3-BF4B-00C04F79EFBC}") = "Task Software UI", "Task Software\Task Software UI.csproj", "{0F56EDA9-CF7F-4C49-A67B-3FCD434D4902}"
EndProject
Project("{FAE04EC0-301F-11D3-BF4B-00C04F79EFBC}") = "DAL", "DAL\DAL.csproj", "{AFED50F8-5D6A-43BD-AF96-7BBB94E7760C}"
EndProject
Project("{FAE04EC0-301F-11D3-BF4B-00C04F79EFBC}") = "ENTITY", "ENTITY\ENTITY.csproj", "{DD22EEB1-FB55-4FA1-BDCB-C6EDC82FCC56}"
EndProject
Project("{FAE04EC0-301F-11D3-BF4B-00C04F79EFBC}") = "BO", "BO\BO.csproj", "{04A162A2-F30F-483A-A33D-8AD2A9A1003A}"
EndProject
Project("{6141683F-8A12-4E36-9623-2EB02B2C2303}") = "Setup1", "Setup1\Setup1.isproj", "{B621DBC2-0DC1-48FD-BE39-F228D890C343}"
	ProjectSection(ProjectDependencies) = postProject
		{0F56EDA9-CF7F-4C49-A67B-3FCD434D4902} = {0F56EDA9-CF7F-4C49-A67B-3FCD434D4902}
	EndProjectSection
EndProject
Global
	GlobalSection(SolutionConfigurationPlatforms) = preSolution
		CD_ROM|Any CPU = CD_ROM|Any CPU
		Debug|Any CPU = Debug|Any CPU
		DVD-5|Any CPU = DVD-5|Any CPU
		Release|Any CPU = Release|Any CPU
		SingleImage|Any CPU = SingleImage|Any CPU
	EndGlobalSection
	GlobalSection(ProjectConfigurationPlatforms) = postSolution
		{0F56EDA9-CF7F-4C49-A67B-3FCD434D4902}.CD_ROM|Any CPU.ActiveCfg = Release|Any CPU
		{0F56EDA9-CF7F-4C49-A67B-3FCD434D4902}.CD_ROM|Any CPU.Build.0 = Release|Any CPU
		{0F56EDA9-CF7F-4C49-A67B-3FCD434D4902}.Debug|Any CPU.ActiveCfg = Debug|Any CPU
		{0F56EDA9-CF7F-4C49-A67B-3FCD434D4902}.Debug|Any CPU.Build.0 = Debug|Any CPU
		{0F56EDA9-CF7F-4C49-A67B-3FCD434D4902}.DVD-5|Any CPU.ActiveCfg = Debug|Any CPU
		{0F56EDA9-CF7F-4C49-A67B-3FCD434D4902}.DVD-5|Any CPU.Build.0 = Debug|Any CPU
		{0F56EDA9-CF7F-4C49-A67B-3FCD434D4902}.Release|Any CPU.ActiveCfg = Release|Any CPU
		{0F56EDA9-CF7F-4C49-A67B-3FCD434D4902}.Release|Any CPU.Build.0 = Release|Any CPU
		{0F56EDA9-CF7F-4C49-A67B-3FCD434D4902}.SingleImage|Any CPU.ActiveCfg = Release|Any CPU
		{0F56EDA9-CF7F-4C49-A67B-3FCD434D4902}.SingleImage|Any CPU.Build.0 = Release|Any CPU
		{AFED50F8-5D6A-43BD-AF96-7BBB94E7760C}.CD_ROM|Any CPU.ActiveCfg = Release|Any CPU
		{AFED50F8-5D6A-43BD-AF96-7BBB94E7760C}.CD_ROM|Any CPU.Build.0 = Release|Any CPU
		{AFED50F8-5D6A-43BD-AF96-7BBB94E7760C}.Debug|Any CPU.ActiveCfg = Debug|Any CPU
		{AFED50F8-5D6A-43BD-AF96-7BBB94E7760C}.Debug|Any CPU.Build.0 = Debug|Any CPU
		{AFED50F8-5D6A-43BD-AF96-7BBB94E7760C}.DVD-5|Any CPU.ActiveCfg = Debug|Any CPU
		{AFED50F8-5D6A-43BD-AF96-7BBB94E7760C}.DVD-5|Any CPU.Build.0 = Debug|Any CPU
		{AFED50F8-5D6A-43BD-AF96-7BBB94E7760C}.Release|Any CPU.ActiveCfg = Release|Any CPU
		{AFED50F8-5D6A-43BD-AF96-7BBB94E7760C}.Release|Any CPU.Build.0 = Release|Any CPU
		{AFED50F8-5D6A-43BD-AF96-7BBB94E7760C}.SingleImage|Any CPU.ActiveCfg = Release|Any CPU
		{AFED50F8-5D6A-43BD-AF96-7BBB94E7760C}.SingleImage|Any CPU.Build.0 = Release|Any CPU
		{DD22EEB1-FB55-4FA1-BDCB-C6EDC82FCC56}.CD_ROM|Any CPU.ActiveCfg = Release|Any CPU
		{DD22EEB1-FB55-4FA1-BDCB-C6EDC82FCC56}.CD_ROM|Any CPU.Build.0 = Release|Any CPU
		{DD22EEB1-FB55-4FA1-BDCB-C6EDC82FCC56}.Debug|Any CPU.ActiveCfg = Debug|Any CPU
		{DD22EEB1-FB55-4FA1-BDCB-C6EDC82FCC56}.Debug|Any CPU.Build.0 = Debug|Any CPU
		{DD22EEB1-FB55-4FA1-BDCB-C6EDC82FCC56}.DVD-5|Any CPU.ActiveCfg = Debug|Any CPU
		{DD22EEB1-FB55-4FA1-BDCB-C6EDC82FCC56}.DVD-5|Any CPU.Build.0 = Debug|Any CPU
		{DD22EEB1-FB55-4FA1-BDCB-C6EDC82FCC56}.Release|Any CPU.ActiveCfg = Release|Any CPU
		{DD22EEB1-FB55-4FA1-BDCB-C6EDC82FCC56}.Release|Any CPU.Build.0 = Release|Any CPU
		{DD22EEB1-FB55-4FA1-BDCB-C6EDC82FCC56}.SingleImage|Any CPU.ActiveCfg = Release|Any CPU
		{DD22EEB1-FB55-4FA1-BDCB-C6EDC82FCC56}.SingleImage|Any CPU.Build.0 = Release|Any CPU
		{04A162A2-F30F-483A-A33D-8AD2A9A1003A}.CD_ROM|Any CPU.ActiveCfg = Release|Any CPU
		{04A162A2-F30F-483A-A33D-8AD2A9A1003A}.CD_ROM|Any CPU.Build.0 = Release|Any CPU
		{04A162A2-F30F-483A-A33D-8AD2A9A1003A}.Debug|Any CPU.ActiveCfg = Debug|Any CPU
		{04A162A2-F30F-483A-A33D-8AD2A9A1003A}.Debug|Any CPU.Build.0 = Debug|Any CPU
		{04A162A2-F30F-483A-A33D-8AD2A9A1003A}.DVD-5|Any CPU.ActiveCfg = Debug|Any CPU
		{04A162A2-F30F-483A-A33D-8AD2A9A1003A}.DVD-5|Any CPU.Build.0 = Debug|Any CPU
		{04A162A2-F30F-483A-A33D-8AD2A9A1003A}.Release|Any CPU.ActiveCfg = Release|Any CPU
		{04A162A2-F30F-483A-A33D-8AD2A9A1003A}.Release|Any CPU.Build.0 = Release|Any CPU
		{04A162A2-F30F-483A-A33D-8AD2A9A1003A}.SingleImage|Any CPU.ActiveCfg = Release|Any CPU
		{04A162A2-F30F-483A-A33D-8AD2A9A1003A}.SingleImage|Any CPU.Build.0 = Release|Any CPU
		{B621DBC2-0DC1-48FD-BE39-F228D890C343}.CD_ROM|Any CPU.ActiveCfg = CD_ROM
		{B621DBC2-0DC1-48FD-BE39-F228D890C343}.CD_ROM|Any CPU.Build.0 = CD_ROM
		{B621DBC2-0DC1-48FD-BE39-F228D890C343}.Debug|Any CPU.ActiveCfg = DVD-5
		{B621DBC2-0DC1-48FD-BE39-F228D890C343}.Debug|Any CPU.Build.0 = DVD-5
		{B621DBC2-0DC1-48FD-BE39-F228D890C343}.DVD-5|Any CPU.ActiveCfg = DVD-5
		{B621DBC2-0DC1-48FD-BE39-F228D890C343}.DVD-5|Any CPU.Build.0 = DVD-5
		{B621DBC2-0DC1-48FD-BE39-F228D890C343}.Release|Any CPU.ActiveCfg = SingleImage
		{B621DBC2-0DC1-48FD-BE39-F228D890C343}.Release|Any CPU.Build.0 = SingleImage
		{B621DBC2-0DC1-48FD-BE39-F228D890C343}.SingleImage|Any CPU.ActiveCfg = SingleImage
		{B621DBC2-0DC1-48FD-BE39-F228D890C343}.SingleImage|Any CPU.Build.0 = SingleImage
	EndGlobalSection
	GlobalSection(SolutionProperties) = preSolution
		HideSolutionNode = FALSE
	EndGlobalSection
EndGlobal
